// !$*UTF8*$!
{
	archiveVersion = 1;
	classes = {
	};
	objectVersion = 56;
	objects = {

/* Begin PBXBuildFile section */
		CBE67E832C7247DB00F18455 /* SwiftTrendsApp.swift in Sources */ = {isa = PBXBuildFile; fileRef = CBE67E822C7247DB00F18455 /* SwiftTrendsApp.swift */; };
		CBE67E852C7247DB00F18455 /* MainView.swift in Sources */ = {isa = PBXBuildFile; fileRef = CBE67E842C7247DB00F18455 /* MainView.swift */; };
		CBE67E872C7247DD00F18455 /* Assets.xcassets in Resources */ = {isa = PBXBuildFile; fileRef = CBE67E862C7247DD00F18455 /* Assets.xcassets */; };
		CBE67E8A2C7247DD00F18455 /* Preview Assets.xcassets in Resources */ = {isa = PBXBuildFile; fileRef = CBE67E892C7247DD00F18455 /* Preview Assets.xcassets */; };
		CBE67E942C72509600F18455 /* PropertyWrapperTrend in Frameworks */ = {isa = PBXBuildFile; productRef = CBE67E932C72509600F18455 /* PropertyWrapperTrend */; };
		CBE67E982C72511200F18455 /* PropertyWrapperTrendView.swift in Sources */ = {isa = PBXBuildFile; fileRef = CBE67E972C72511200F18455 /* PropertyWrapperTrendView.swift */; };
/* End PBXBuildFile section */

/* Begin PBXFileReference section */
		CBE67E7F2C7247DB00F18455 /* SwiftTrends.app */ = {isa = PBXFileReference; explicitFileType = wrapper.application; includeInIndex = 0; path = SwiftTrends.app; sourceTree = BUILT_PRODUCTS_DIR; };
		CBE67E822C7247DB00F18455 /* SwiftTrendsApp.swift */ = {isa = PBXFileReference; lastKnownFileType = sourcecode.swift; path = SwiftTrendsApp.swift; sourceTree = "<group>"; };
		CBE67E842C7247DB00F18455 /* MainView.swift */ = {isa = PBXFileReference; lastKnownFileType = sourcecode.swift; path = MainView.swift; sourceTree = "<group>"; };
		CBE67E862C7247DD00F18455 /* Assets.xcassets */ = {isa = PBXFileReference; lastKnownFileType = folder.assetcatalog; path = Assets.xcassets; sourceTree = "<group>"; };
		CBE67E892C7247DD00F18455 /* Preview Assets.xcassets */ = {isa = PBXFileReference; lastKnownFileType = folder.assetcatalog; path = "Preview Assets.xcassets"; sourceTree = "<group>"; };
		CBE67E912C72485900F18455 /* PropertyWrapperTrend */ = {isa = PBXFileReference; lastKnownFileType = wrapper; name = PropertyWrapperTrend; path = SwiftTrends/PropertyWrapperTrend; sourceTree = SOURCE_ROOT; };
		CBE67E972C72511200F18455 /* PropertyWrapperTrendView.swift */ = {isa = PBXFileReference; lastKnownFileType = sourcecode.swift; path = PropertyWrapperTrendView.swift; sourceTree = "<group>"; };
/* End PBXFileReference section */

/* Begin PBXFrameworksBuildPhase section */
		CBE67E7C2C7247DB00F18455 /* Frameworks */ = {
			isa = PBXFrameworksBuildPhase;
			buildActionMask = 2147483647;
			files = (
				CBE67E942C72509600F18455 /* PropertyWrapperTrend in Frameworks */,
			);
			runOnlyForDeploymentPostprocessing = 0;
		};
/* End PBXFrameworksBuildPhase section */

/* Begin PBXGroup section */
		CBE67E762C7247DB00F18455 = {
			isa = PBXGroup;
			children = (
				CBE67E812C7247DB00F18455 /* SwiftTrends */,
				CBE67E802C7247DB00F18455 /* Products */,
				CBE67E922C72509600F18455 /* Frameworks */,
			);
			sourceTree = "<group>";
		};
		CBE67E802C7247DB00F18455 /* Products */ = {
			isa = PBXGroup;
			children = (
				CBE67E7F2C7247DB00F18455 /* SwiftTrends.app */,
			);
			name = Products;
			sourceTree = "<group>";
		};
		CBE67E812C7247DB00F18455 /* SwiftTrends */ = {
			isa = PBXGroup;
			children = (
				CBE67E952C7250F300F18455 /* TrendsViews */,
				CBE67E902C72483400F18455 /* Trends */,
				CBE67E822C7247DB00F18455 /* SwiftTrendsApp.swift */,
				CBE67E842C7247DB00F18455 /* MainView.swift */,
				CBE67E862C7247DD00F18455 /* Assets.xcassets */,
				CBE67E882C7247DD00F18455 /* Preview Content */,
			);
			path = SwiftTrends;
			sourceTree = "<group>";
		};
		CBE67E882C7247DD00F18455 /* Preview Content */ = {
			isa = PBXGroup;
			children = (
				CBE67E892C7247DD00F18455 /* Preview Assets.xcassets */,
			);
			path = "Preview Content";
			sourceTree = "<group>";
		};
		CBE67E902C72483400F18455 /* Trends */ = {
			isa = PBXGroup;
			children = (
				CBE67E912C72485900F18455 /* PropertyWrapperTrend */,
			);
			path = Trends;
			sourceTree = "<group>";
		};
		CBE67E922C72509600F18455 /* Frameworks */ = {
			isa = PBXGroup;
			children = (
			);
			name = Frameworks;
			sourceTree = "<group>";
		};
		CBE67E952C7250F300F18455 /* TrendsViews */ = {
			isa = PBXGroup;
			children = (
				CBE67E962C7250FD00F18455 /* PropertyWrapper */,
			);
			path = TrendsViews;
			sourceTree = "<group>";
		};
		CBE67E962C7250FD00F18455 /* PropertyWrapper */ = {
			isa = PBXGroup;
			children = (
				CBE67E972C72511200F18455 /* PropertyWrapperTrendView.swift */,
			);
			path = PropertyWrapper;
			sourceTree = "<group>";
		};
/* End PBXGroup section */

/* Begin PBXNativeTarget section */
		CBE67E7E2C7247DB00F18455 /* SwiftTrends */ = {
			isa = PBXNativeTarget;
			buildConfigurationList = CBE67E8D2C7247DD00F18455 /* Build configuration list for PBXNativeTarget "SwiftTrends" */;
			buildPhases = (
				CBE67E7B2C7247DB00F18455 /* Sources */,
				CBE67E7C2C7247DB00F18455 /* Frameworks */,
				CBE67E7D2C7247DB00F18455 /* Resources */,
			);
			buildRules = (
			);
			dependencies = (
			);
			name = SwiftTrends;
			packageProductDependencies = (
				CBE67E932C72509600F18455 /* PropertyWrapperTrend */,
			);
			productName = SwiftTrends;
			productReference = CBE67E7F2C7247DB00F18455 /* SwiftTrends.app */;
			productType = "com.apple.product-type.application";
		};
/* End PBXNativeTarget section */

/* Begin PBXProject section */
		CBE67E772C7247DB00F18455 /* Project object */ = {
			isa = PBXProject;
			attributes = {
				BuildIndependentTargetsInParallel = 1;
				LastSwiftUpdateCheck = 1540;
				LastUpgradeCheck = 1540;
				TargetAttributes = {
					CBE67E7E2C7247DB00F18455 = {
						CreatedOnToolsVersion = 15.4;
					};
				};
			};
			buildConfigurationList = CBE67E7A2C7247DB00F18455 /* Build configuration list for PBXProject "SwiftTrends" */;
			compatibilityVersion = "Xcode 14.0";
			developmentRegion = en;
			hasScannedForEncodings = 0;
			knownRegions = (
				en,
				Base,
			);
			mainGroup = CBE67E762C7247DB00F18455;
			productRefGroup = CBE67E802C7247DB00F18455 /* Products */;
			projectDirPath = "";
			projectRoot = "";
			targets = (
				CBE67E7E2C7247DB00F18455 /* SwiftTrends */,
			);
		};
/* End PBXProject section */

/* Begin PBXResourcesBuildPhase section */
		CBE67E7D2C7247DB00F18455 /* Resources */ = {
			isa = PBXResourcesBuildPhase;
			buildActionMask = 2147483647;
			files = (
				CBE67E8A2C7247DD00F18455 /* Preview Assets.xcassets in Resources */,
				CBE67E872C7247DD00F18455 /* Assets.xcassets in Resources */,
			);
			runOnlyForDeploymentPostprocessing = 0;
		};
/* End PBXResourcesBuildPhase section */

/* Begin PBXSourcesBuildPhase section */
		CBE67E7B2C7247DB00F18455 /* Sources */ = {
			isa = PBXSourcesBuildPhase;
			buildActionMask = 2147483647;
			files = (
				CBE67E982C72511200F18455 /* PropertyWrapperTrendView.swift in Sources */,
				CBE67E852C7247DB00F18455 /* MainView.swift in Sources */,
				CBE67E832C7247DB00F18455 /* SwiftTrendsApp.swift in Sources */,
			);
			runOnlyForDeploymentPostprocessing = 0;
		};
/* End PBXSourcesBuildPhase section */

/* Begin XCBuildConfiguration section */
		CBE67E8B2C7247DD00F18455 /* Debug */ = {
			isa = XCBuildConfiguration;
			buildSettings = {
				ALWAYS_SEARCH_USER_PATHS = NO;
				ASSETCATALOG_COMPILER_GENERATE_SWIFT_ASSET_SYMBOL_EXTENSIONS = YES;
				CLANG_ANALYZER_NONNULL = YES;
				CLANG_ANALYZER_NUMBER_OBJECT_CONVERSION = YES_AGGRESSIVE;
				CLANG_CXX_LANGUAGE_STANDARD = "gnu++20";
				CLANG_ENABLE_MODULES = YES;
				CLANG_ENABLE_OBJC_ARC = YES;
				CLANG_ENABLE_OBJC_WEAK = YES;
				CLANG_WARN_BLOCK_CAPTURE_AUTORELEASING = YES;
				CLANG_WARN_BOOL_CONVERSION = YES;
				CLANG_WARN_COMMA = YES;
				CLANG_WARN_CONSTANT_CONVERSION = YES;
				CLANG_WARN_DEPRECATED_OBJC_IMPLEMENTATIONS = YES;
				CLANG_WARN_DIRECT_OBJC_ISA_USAGE = YES_ERROR;
				CLANG_WARN_DOCUMENTATION_COMMENTS = YES;
				CLANG_WARN_EMPTY_BODY = YES;
				CLANG_WARN_ENUM_CONVERSION = YES;
				CLANG_WARN_INFINITE_RECURSION = YES;
				CLANG_WARN_INT_CONVERSION = YES;
				CLANG_WARN_NON_LITERAL_NULL_CONVERSION = YES;
				CLANG_WARN_OBJC_IMPLICIT_RETAIN_SELF = YES;
				CLANG_WARN_OBJC_LITERAL_CONVERSION = YES;
				CLANG_WARN_OBJC_ROOT_CLASS = YES_ERROR;
				CLANG_WARN_QUOTED_INCLUDE_IN_FRAMEWORK_HEADER = YES;
				CLANG_WARN_RANGE_LOOP_ANALYSIS = YES;
				CLANG_WARN_STRICT_PROTOTYPES = YES;
				CLANG_WARN_SUSPICIOUS_MOVE = YES;
				CLANG_WARN_UNGUARDED_AVAILABILITY = YES_AGGRESSIVE;
				CLANG_WARN_UNREACHABLE_CODE = YES;
				CLANG_WARN__DUPLICATE_METHOD_MATCH = YES;
				COPY_PHASE_STRIP = NO;
				DEBUG_INFORMATION_FORMAT = dwarf;
				ENABLE_STRICT_OBJC_MSGSEND = YES;
				ENABLE_TESTABILITY = YES;
				ENABLE_USER_SCRIPT_SANDBOXING = YES;
				GCC_C_LANGUAGE_STANDARD = gnu17;
				GCC_DYNAMIC_NO_PIC = NO;
				GCC_NO_COMMON_BLOCKS = YES;
				GCC_OPTIMIZATION_LEVEL = 0;
				GCC_PREPROCESSOR_DEFINITIONS = (
					"DEBUG=1",
					"$(inherited)",
				);
				GCC_WARN_64_TO_32_BIT_CONVERSION = YES;
				GCC_WARN_ABOUT_RETURN_TYPE = YES_ERROR;
				GCC_WARN_UNDECLARED_SELECTOR = YES;
				GCC_WARN_UNINITIALIZED_AUTOS = YES_AGGRESSIVE;
				GCC_WARN_UNUSED_FUNCTION = YES;
				GCC_WARN_UNUSED_VARIABLE = YES;
				IPHONEOS_DEPLOYMENT_TARGET = 17.5;
				LOCALIZATION_PREFERS_STRING_CATALOGS = YES;
				MTL_ENABLE_DEBUG_INFO = INCLUDE_SOURCE;
				MTL_FAST_MATH = YES;
				ONLY_ACTIVE_ARCH = YES;
				SDKROOT = iphoneos;
				SWIFT_ACTIVE_COMPILATION_CONDITIONS = "DEBUG $(inherited)";
				SWIFT_OPTIMIZATION_LEVEL = "-Onone";
			};
			name = Debug;
		};
		CBE67E8C2C7247DD00F18455 /* Release */ = {
			isa = XCBuildConfiguration;
			buildSettings = {
				ALWAYS_SEARCH_USER_PATHS = NO;
				ASSETCATALOG_COMPILER_GENERATE_SWIFT_ASSET_SYMBOL_EXTENSIONS = YES;
				CLANG_ANALYZER_NONNULL = YES;
				CLANG_ANALYZER_NUMBER_OBJECT_CONVERSION = YES_AGGRESSIVE;
				CLANG_CXX_LANGUAGE_STANDARD = "gnu++20";
				CLANG_ENABLE_MODULES = YES;
				CLANG_ENABLE_OBJC_ARC = YES;
				CLANG_ENABLE_OBJC_WEAK = YES;
				CLANG_WARN_BLOCK_CAPTURE_AUTORELEASING = YES;
				CLANG_WARN_BOOL_CONVERSION = YES;
				CLANG_WARN_COMMA = YES;
				CLANG_WARN_CONSTANT_CONVERSION = YES;
				CLANG_WARN_DEPRECATED_OBJC_IMPLEMENTATIONS = YES;
				CLANG_WARN_DIRECT_OBJC_ISA_USAGE = YES_ERROR;
				CLANG_WARN_DOCUMENTATION_COMMENTS = YES;
				CLANG_WARN_EMPTY_BODY = YES;
				CLANG_WARN_ENUM_CONVERSION = YES;
				CLANG_WARN_INFINITE_RECURSION = YES;
				CLANG_WARN_INT_CONVERSION = YES;
				CLANG_WARN_NON_LITERAL_NULL_CONVERSION = YES;
				CLANG_WARN_OBJC_IMPLICIT_RETAIN_SELF = YES;
				CLANG_WARN_OBJC_LITERAL_CONVERSION = YES;
				CLANG_WARN_OBJC_ROOT_CLASS = YES_ERROR;
				CLANG_WARN_QUOTED_INCLUDE_IN_FRAMEWORK_HEADER = YES;
				CLANG_WARN_RANGE_LOOP_ANALYSIS = YES;
				CLANG_WARN_STRICT_PROTOTYPES = YES;
				CLANG_WARN_SUSPICIOUS_MOVE = YES;
				CLANG_WARN_UNGUARDED_AVAILABILITY = YES_AGGRESSIVE;
				CLANG_WARN_UNREACHABLE_CODE = YES;
				CLANG_WARN__DUPLICATE_METHOD_MATCH = YES;
				COPY_PHASE_STRIP = NO;
				DEBUG_INFORMATION_FORMAT = "dwarf-with-dsym";
				ENABLE_NS_ASSERTIONS = NO;
				ENABLE_STRICT_OBJC_MSGSEND = YES;
				ENABLE_USER_SCRIPT_SANDBOXING = YES;
				GCC_C_LANGUAGE_STANDARD = gnu17;
				GCC_NO_COMMON_BLOCKS = YES;
				GCC_WARN_64_TO_32_BIT_CONVERSION = YES;
				GCC_WARN_ABOUT_RETURN_TYPE = YES_ERROR;
				GCC_WARN_UNDECLARED_SELECTOR = YES;
				GCC_WARN_UNINITIALIZED_AUTOS = YES_AGGRESSIVE;
				GCC_WARN_UNUSED_FUNCTION = YES;
				GCC_WARN_UNUSED_VARIABLE = YES;
				IPHONEOS_DEPLOYMENT_TARGET = 17.5;
				LOCALIZATION_PREFERS_STRING_CATALOGS = YES;
				MTL_ENABLE_DEBUG_INFO = NO;
				MTL_FAST_MATH = YES;
				SDKROOT = iphoneos;
				SWIFT_COMPILATION_MODE = wholemodule;
				VALIDATE_PRODUCT = YES;
			};
			name = Release;
		};
		CBE67E8E2C7247DD00F18455 /* Debug */ = {
			isa = XCBuildConfiguration;
			buildSettings = {
				ASSETCATALOG_COMPILER_APPICON_NAME = AppIcon;
				ASSETCATALOG_COMPILER_GLOBAL_ACCENT_COLOR_NAME = AccentColor;
				CODE_SIGN_STYLE = Automatic;
				CURRENT_PROJECT_VERSION = 1;
				DEVELOPMENT_ASSET_PATHS = "\"SwiftTrends/Preview Content\"";
				DEVELOPMENT_TEAM = 8DURMPUBZ2;
				ENABLE_PREVIEWS = YES;
				GENERATE_INFOPLIST_FILE = YES;
				INFOPLIST_KEY_UIApplicationSceneManifest_Generation = YES;
				INFOPLIST_KEY_UIApplicationSupportsIndirectInputEvents = YES;
				INFOPLIST_KEY_UILaunchScreen_Generation = YES;
				INFOPLIST_KEY_UISupportedInterfaceOrientations_iPad = "UIInterfaceOrientationPortrait UIInterfaceOrientationPortraitUpsideDown UIInterfaceOrientationLandscapeLeft UIInterfaceOrientationLandscapeRight";
				INFOPLIST_KEY_UISupportedInterfaceOrientations_iPhone = "UIInterfaceOrientationPortrait UIInterfaceOrientationLandscapeLeft UIInterfaceOrientationLandscapeRight";
				LD_RUNPATH_SEARCH_PATHS = (
					"$(inherited)",
					"@executable_path/Frameworks",
				);
				MARKETING_VERSION = 1.0;
				PRODUCT_BUNDLE_IDENTIFIER = com.alex.apostol.SwiftTrends;
				PRODUCT_NAME = "$(TARGET_NAME)";
				SWIFT_EMIT_LOC_STRINGS = YES;
				SWIFT_VERSION = 5.0;
				TARGETED_DEVICE_FAMILY = "1,2";
			};
			name = Debug;
		};
		CBE67E8F2C7247DD00F18455 /* Release */ = {
			isa = XCBuildConfiguration;
			buildSettings = {
				ASSETCATALOG_COMPILER_APPICON_NAME = AppIcon;
				ASSETCATALOG_COMPILER_GLOBAL_ACCENT_COLOR_NAME = AccentColor;
				CODE_SIGN_STYLE = Automatic;
				CURRENT_PROJECT_VERSION = 1;
				DEVELOPMENT_ASSET_PATHS = "\"SwiftTrends/Preview Content\"";
				DEVELOPMENT_TEAM = 8DURMPUBZ2;
				ENABLE_PREVIEWS = YES;
				GENERATE_INFOPLIST_FILE = YES;
				INFOPLIST_KEY_UIApplicationSceneManifest_Generation = YES;
				INFOPLIST_KEY_UIApplicationSupportsIndirectInputEvents = YES;
				INFOPLIST_KEY_UILaunchScreen_Generation = YES;
				INFOPLIST_KEY_UISupportedInterfaceOrientations_iPad = "UIInterfaceOrientationPortrait UIInterfaceOrientationPortraitUpsideDown UIInterfaceOrientationLandscapeLeft UIInterfaceOrientationLandscapeRight";
				INFOPLIST_KEY_UISupportedInterfaceOrientations_iPhone = "UIInterfaceOrientationPortrait UIInterfaceOrientationLandscapeLeft UIInterfaceOrientationLandscapeRight";
				LD_RUNPATH_SEARCH_PATHS = (
					"$(inherited)",
					"@executable_path/Frameworks",
				);
				MARKETING_VERSION = 1.0;
				PRODUCT_BUNDLE_IDENTIFIER = com.alex.apostol.SwiftTrends;
				PRODUCT_NAME = "$(TARGET_NAME)";
				SWIFT_EMIT_LOC_STRINGS = YES;
				SWIFT_VERSION = 5.0;
				TARGETED_DEVICE_FAMILY = "1,2";
			};
			name = Release;
		};
/* End XCBuildConfiguration section */

/* Begin XCConfigurationList section */
		CBE67E7A2C7247DB00F18455 /* Build configuration list for PBXProject "SwiftTrends" */ = {
			isa = XCConfigurationList;
			buildConfigurations = (
				CBE67E8B2C7247DD00F18455 /* Debug */,
				CBE67E8C2C7247DD00F18455 /* Release */,
			);
			defaultConfigurationIsVisible = 0;
			defaultConfigurationName = Release;
		};
		CBE67E8D2C7247DD00F18455 /* Build configuration list for PBXNativeTarget "SwiftTrends" */ = {
			isa = XCConfigurationList;
			buildConfigurations = (
				CBE67E8E2C7247DD00F18455 /* Debug */,
				CBE67E8F2C7247DD00F18455 /* Release */,
			);
			defaultConfigurationIsVisible = 0;
			defaultConfigurationName = Release;
		};
/* End XCConfigurationList section */

/* Begin XCSwiftPackageProductDependency section */
		CBE67E932C72509600F18455 /* PropertyWrapperTrend */ = {
			isa = XCSwiftPackageProductDependency;
			productName = PropertyWrapperTrend;
		};
/* End XCSwiftPackageProductDependency section */
	};
	rootObject = CBE67E772C7247DB00F18455 /* Project object */;
}
